
Microsoft Visual Studio Solution File, Format Version 12.00
# Visual Studio Version 16
VisualStudioVersion = 16.0.30907.101
MinimumVisualStudioVersion = 10.0.40219.1
Project("{FAE04EC0-301F-11D3-BF4B-00C04F79EFBC}") = "Shoe.Api", "Shoe.Api.csproj", "{936E6620-F8D8-43D6-AD31-9D11F717C274}"
EndProject
Global
	GlobalSection(SolutionConfigurationPlatforms) = preSolution
		Debug|Any CPU = Debug|Any CPU
		Release|Any CPU = Release|Any CPU
	EndGlobalSection
	GlobalSection(ProjectConfigurationPlatforms) = postSolution
		{936E6620-F8D8-43D6-AD31-9D11F717C274}.Debug|Any CPU.ActiveCfg = Debug|Any CPU
		{936E6620-F8D8-43D6-AD31-9D11F717C274}.Debug|Any CPU.Build.0 = Debug|Any CPU
		{936E6620-F8D8-43D6-AD31-9D11F717C274}.Release|Any CPU.ActiveCfg = Release|Any CPU
		{936E6620-F8D8-43D6-AD31-9D11F717C274}.Release|Any CPU.Build.0 = Release|Any CPU
	EndGlobalSection
	GlobalSection(SolutionProperties) = preSolution
		HideSolutionNode = FALSE
	EndGlobalSection
	GlobalSection(ExtensibilityGlobals) = postSolution
		SolutionGuid = {65444C67-8349-46FF-B88E-FDFAA96EC8DC}
	EndGlobalSection
EndGlobal
